
Microsoft Visual Studio Solution File, Format Version 12.00
# Visual Studio 15
VisualStudioVersion = 15.0.27130.2010
MinimumVisualStudioVersion = 10.0.40219.1
Project("{8BC9CEB8-8B4A-11D0-8D11-00A0C91BC942}") = "UnitTests", "UnitTests\UnitTests.vcxproj", "{7A1A043E-345A-4B77-BE96-336CF0DFB825}"
EndProject
Project("{8BC9CEB8-8B4A-11D0-8D11-00A0C91BC942}") = "StaticLib", "StaticLib\StaticLib.vcxproj", "{D4C47FC9-D59A-4293-966B-ED3269F10C99}"
EndProject
Project("{8BC9CEB8-8B4A-11D0-8D11-00A0C91BC942}") = "RunDB", "RunDB\RunDB.vcxproj", "{AE421A8F-5375-4838-93F0-3E1B72E4FE78}"
EndProject
Global
	GlobalSection(SolutionConfigurationPlatforms) = preSolution
		Debug|x64 = Debug|x64
		Debug|x86 = Debug|x86
		Release|x64 = Release|x64
		Release|x86 = Release|x86
	EndGlobalSection
	GlobalSection(ProjectConfigurationPlatforms) = postSolution
		{7A1A043E-345A-4B77-BE96-336CF0DFB825}.Debug|x64.ActiveCfg = Debug|x64
		{7A1A043E-345A-4B77-BE96-336CF0DFB825}.Debug|x64.Build.0 = Debug|x64
		{7A1A043E-345A-4B77-BE96-336CF0DFB825}.Debug|x86.ActiveCfg = Debug|Win32
		{7A1A043E-345A-4B77-BE96-336CF0DFB825}.Debug|x86.Build.0 = Debug|Win32
		{7A1A043E-345A-4B77-BE96-336CF0DFB825}.Release|x64.ActiveCfg = Release|x64
		{7A1A043E-345A-4B77-BE96-336CF0DFB825}.Release|x64.Build.0 = Release|x64
		{7A1A043E-345A-4B77-BE96-336CF0DFB825}.Release|x86.ActiveCfg = Release|Win32
		{7A1A043E-345A-4B77-BE96-336CF0DFB825}.Release|x86.Build.0 = Release|Win32
		{D4C47FC9-D59A-4293-966B-ED3269F10C99}.Debug|x64.ActiveCfg = Debug|x64
		{D4C47FC9-D59A-4293-966B-ED3269F10C99}.Debug|x64.Build.0 = Debug|x64
		{D4C47FC9-D59A-4293-966B-ED3269F10C99}.Debug|x86.ActiveCfg = Debug|Win32
		{D4C47FC9-D59A-4293-966B-ED3269F10C99}.Debug|x86.Build.0 = Debug|Win32
		{D4C47FC9-D59A-4293-966B-ED3269F10C99}.Release|x64.ActiveCfg = Release|x64
		{D4C47FC9-D59A-4293-966B-ED3269F10C99}.Release|x64.Build.0 = Release|x64
		{D4C47FC9-D59A-4293-966B-ED3269F10C99}.Release|x86.ActiveCfg = Release|Win32
		{D4C47FC9-D59A-4293-966B-ED3269F10C99}.Release|x86.Build.0 = Release|Win32
		{AE421A8F-5375-4838-93F0-3E1B72E4FE78}.Debug|x64.ActiveCfg = Debug|x64
		{AE421A8F-5375-4838-93F0-3E1B72E4FE78}.Debug|x64.Build.0 = Debug|x64
		{AE421A8F-5375-4838-93F0-3E1B72E4FE78}.Debug|x86.ActiveCfg = Debug|Win32
		{AE421A8F-5375-4838-93F0-3E1B72E4FE78}.Debug|x86.Build.0 = Debug|Win32
		{AE421A8F-5375-4838-93F0-3E1B72E4FE78}.Release|x64.ActiveCfg = Release|x64
		{AE421A8F-5375-4838-93F0-3E1B72E4FE78}.Release|x64.Build.0 = Release|x64
		{AE421A8F-5375-4838-93F0-3E1B72E4FE78}.Release|x86.ActiveCfg = Release|Win32
		{AE421A8F-5375-4838-93F0-3E1B72E4FE78}.Release|x86.Build.0 = Release|Win32
	EndGlobalSection
	GlobalSection(SolutionProperties) = preSolution
		HideSolutionNode = FALSE
	EndGlobalSection
	GlobalSection(ExtensibilityGlobals) = postSolution
		SolutionGuid = {5CE44F78-6E77-4AA2-9FCD-6A9E906A07A0}
	EndGlobalSection
EndGlobal
